
Microsoft Visual Studio Solution File, Format Version 12.00
# Visual Studio Version 17
VisualStudioVersion = 17.3.32804.467
MinimumVisualStudioVersion = 10.0.40219.1
Project("{9A19103F-16F7-4668-BE54-9A1E7A4F7556}") = "LoanApp", "LoanApp\LoanApp.csproj", "{5FF3196F-7058-4DFA-8E77-4BBD42DFD288}"
EndProject
Project("{9A19103F-16F7-4668-BE54-9A1E7A4F7556}") = "MortgageAppLibrary", "MortgageAppLibrary\MortgageAppLibrary.csproj", "{9563D9F8-8436-4903-A170-94CE578CDE01}"
EndProject
Project("{9A19103F-16F7-4668-BE54-9A1E7A4F7556}") = "LoanAppWinFormsNET5UI", "LoanAppWinFormsNET5UI\LoanAppWinFormsNET5UI.csproj", "{69872DE5-15EC-444C-8375-C6EA0F471900}"
EndProject
Project("{9A19103F-16F7-4668-BE54-9A1E7A4F7556}") = "LoanWinFormsV2UI", "LoanWinFormsV2UI\LoanWinFormsV2UI.csproj", "{5F803331-8812-4DA5-A664-5A1A860192F9}"
EndProject
Project("{FAE04EC0-301F-11D3-BF4B-00C04F79EFBC}") = "MortgageAppLibrary.Tests", "MortgageAppLibrary.Tests\MortgageAppLibrary.Tests.csproj", "{C26A0214-60B5-42AB-838B-E053A4CB0FD3}"
EndProject
Global
	GlobalSection(SolutionConfigurationPlatforms) = preSolution
		Debug|Any CPU = Debug|Any CPU
		Release|Any CPU = Release|Any CPU
	EndGlobalSection
	GlobalSection(ProjectConfigurationPlatforms) = postSolution
		{5FF3196F-7058-4DFA-8E77-4BBD42DFD288}.Debug|Any CPU.ActiveCfg = Debug|Any CPU
		{5FF3196F-7058-4DFA-8E77-4BBD42DFD288}.Debug|Any CPU.Build.0 = Debug|Any CPU
		{5FF3196F-7058-4DFA-8E77-4BBD42DFD288}.Release|Any CPU.ActiveCfg = Release|Any CPU
		{5FF3196F-7058-4DFA-8E77-4BBD42DFD288}.Release|Any CPU.Build.0 = Release|Any CPU
		{9563D9F8-8436-4903-A170-94CE578CDE01}.Debug|Any CPU.ActiveCfg = Debug|Any CPU
		{9563D9F8-8436-4903-A170-94CE578CDE01}.Debug|Any CPU.Build.0 = Debug|Any CPU
		{9563D9F8-8436-4903-A170-94CE578CDE01}.Release|Any CPU.ActiveCfg = Release|Any CPU
		{9563D9F8-8436-4903-A170-94CE578CDE01}.Release|Any CPU.Build.0 = Release|Any CPU
		{69872DE5-15EC-444C-8375-C6EA0F471900}.Debug|Any CPU.ActiveCfg = Debug|Any CPU
		{69872DE5-15EC-444C-8375-C6EA0F471900}.Debug|Any CPU.Build.0 = Debug|Any CPU
		{69872DE5-15EC-444C-8375-C6EA0F471900}.Release|Any CPU.ActiveCfg = Release|Any CPU
		{69872DE5-15EC-444C-8375-C6EA0F471900}.Release|Any CPU.Build.0 = Release|Any CPU
		{5F803331-8812-4DA5-A664-5A1A860192F9}.Debug|Any CPU.ActiveCfg = Debug|Any CPU
		{5F803331-8812-4DA5-A664-5A1A860192F9}.Debug|Any CPU.Build.0 = Debug|Any CPU
		{5F803331-8812-4DA5-A664-5A1A860192F9}.Release|Any CPU.ActiveCfg = Release|Any CPU
		{5F803331-8812-4DA5-A664-5A1A860192F9}.Release|Any CPU.Build.0 = Release|Any CPU
		{C26A0214-60B5-42AB-838B-E053A4CB0FD3}.Debug|Any CPU.ActiveCfg = Debug|Any CPU
		{C26A0214-60B5-42AB-838B-E053A4CB0FD3}.Debug|Any CPU.Build.0 = Debug|Any CPU
		{C26A0214-60B5-42AB-838B-E053A4CB0FD3}.Release|Any CPU.ActiveCfg = Release|Any CPU
		{C26A0214-60B5-42AB-838B-E053A4CB0FD3}.Release|Any CPU.Build.0 = Release|Any CPU
	EndGlobalSection
	GlobalSection(SolutionProperties) = preSolution
		HideSolutionNode = FALSE
	EndGlobalSection
	GlobalSection(ExtensibilityGlobals) = postSolution
		SolutionGuid = {B668E800-1F64-4FC2-9F5D-42E137ED3D5D}
	EndGlobalSection
EndGlobal
